
Microsoft Visual Studio Solution File, Format Version 12.00
# Visual Studio Version 17
VisualStudioVersion = 17.4.33213.308
MinimumVisualStudioVersion = 10.0.40219.1
Project("{FAE04EC0-301F-11D3-BF4B-00C04F79EFBC}") = "AverageStudentScoreChallenge", "AverageStudentScoreChallenge\AverageStudentScoreChallenge.csproj", "{F90DB93C-49D3-4EB1-A02F-8E1C3CE2987C}"
EndProject
Global
	GlobalSection(SolutionConfigurationPlatforms) = preSolution
		Debug|Any CPU = Debug|Any CPU
		Release|Any CPU = Release|Any CPU
	EndGlobalSection
	GlobalSection(ProjectConfigurationPlatforms) = postSolution
		{F90DB93C-49D3-4EB1-A02F-8E1C3CE2987C}.Debug|Any CPU.ActiveCfg = Debug|Any CPU
		{F90DB93C-49D3-4EB1-A02F-8E1C3CE2987C}.Debug|Any CPU.Build.0 = Debug|Any CPU
		{F90DB93C-49D3-4EB1-A02F-8E1C3CE2987C}.Release|Any CPU.ActiveCfg = Release|Any CPU
		{F90DB93C-49D3-4EB1-A02F-8E1C3CE2987C}.Release|Any CPU.Build.0 = Release|Any CPU
	EndGlobalSection
	GlobalSection(SolutionProperties) = preSolution
		HideSolutionNode = FALSE
	EndGlobalSection
	GlobalSection(ExtensibilityGlobals) = postSolution
		SolutionGuid = {FCBD8FBE-EC42-4933-AE31-0231EC643AFE}
	EndGlobalSection
EndGlobal
